
Microsoft Visual Studio Solution File, Format Version 12.00
# Visual Studio Version 17
VisualStudioVersion = 17.13.35931.197 d17.13
MinimumVisualStudioVersion = 10.0.40219.1
Project("{FAE04EC0-301F-11D3-BF4B-00C04F79EFBC}") = "TicTacToe", "TicTacToe\TicTacToe.csproj", "{3CA8C127-F93F-4FEF-8FBF-A2325EC6AFE9}"
EndProject
Global
	GlobalSection(SolutionConfigurationPlatforms) = preSolution
		Debug|Any CPU = Debug|Any CPU
		Release|Any CPU = Release|Any CPU
	EndGlobalSection
	GlobalSection(ProjectConfigurationPlatforms) = postSolution
		{3CA8C127-F93F-4FEF-8FBF-A2325EC6AFE9}.Debug|Any CPU.ActiveCfg = Debug|Any CPU
		{3CA8C127-F93F-4FEF-8FBF-A2325EC6AFE9}.Debug|Any CPU.Build.0 = Debug|Any CPU
		{3CA8C127-F93F-4FEF-8FBF-A2325EC6AFE9}.Release|Any CPU.ActiveCfg = Release|Any CPU
		{3CA8C127-F93F-4FEF-8FBF-A2325EC6AFE9}.Release|Any CPU.Build.0 = Release|Any CPU
	EndGlobalSection
	GlobalSection(SolutionProperties) = preSolution
		HideSolutionNode = FALSE
	EndGlobalSection
	GlobalSection(ExtensibilityGlobals) = postSolution
		SolutionGuid = {54423A53-8F60-407B-8FF5-B65A4F96819A}
	EndGlobalSection
EndGlobal
